// !$*UTF8*$!
{
	archiveVersion = 1;
	classes = {
	};
	objectVersion = 56;
	objects = {

/* Begin PBXBuildFile section */
		191D99902C3E7C830032E900 /* ApiFramework.framework in Frameworks */ = {isa = PBXBuildFile; fileRef = 191D998F2C3E7C830032E900 /* ApiFramework.framework */; };
		191D99912C3E7C830032E900 /* ApiFramework.framework in Embed Frameworks */ = {isa = PBXBuildFile; fileRef = 191D998F2C3E7C830032E900 /* ApiFramework.framework */; settings = {ATTRIBUTES = (CodeSignOnCopy, RemoveHeadersOnCopy, ); }; };
		1951BC792C3E6FBD007F696E /* AppDelegate.swift in Sources */ = {isa = PBXBuildFile; fileRef = 1951BC782C3E6FBD007F696E /* AppDelegate.swift */; };
		1951BC7B2C3E6FBD007F696E /* SceneDelegate.swift in Sources */ = {isa = PBXBuildFile; fileRef = 1951BC7A2C3E6FBD007F696E /* SceneDelegate.swift */; };
		1951BC7D2C3E6FBD007F696E /* ViewController.swift in Sources */ = {isa = PBXBuildFile; fileRef = 1951BC7C2C3E6FBD007F696E /* ViewController.swift */; };
		1951BC802C3E6FBD007F696E /* Main.storyboard in Resources */ = {isa = PBXBuildFile; fileRef = 1951BC7E2C3E6FBD007F696E /* Main.storyboard */; };
		1951BC822C3E6FBE007F696E /* Assets.xcassets in Resources */ = {isa = PBXBuildFile; fileRef = 1951BC812C3E6FBE007F696E /* Assets.xcassets */; };
		1951BC852C3E6FBE007F696E /* LaunchScreen.storyboard in Resources */ = {isa = PBXBuildFile; fileRef = 1951BC832C3E6FBE007F696E /* LaunchScreen.storyboard */; };
		ED04A319E6CFA239AAF57F91 /* Pods_UniversalFrameworkApp.framework in Frameworks */ = {isa = PBXBuildFile; fileRef = 8F1C14EAB8A20CE680966D2B /* Pods_UniversalFrameworkApp.framework */; };
/* End PBXBuildFile section */

/* Begin PBXCopyFilesBuildPhase section */
		191D99922C3E7C830032E900 /* Embed Frameworks */ = {
			isa = PBXCopyFilesBuildPhase;
			buildActionMask = 2147483647;
			dstPath = "";
			dstSubfolderSpec = 10;
			files = (
				191D99912C3E7C830032E900 /* ApiFramework.framework in Embed Frameworks */,
			);
			name = "Embed Frameworks";
			runOnlyForDeploymentPostprocessing = 0;
		};
/* End PBXCopyFilesBuildPhase section */

/* Begin PBXFileReference section */
		191D998F2C3E7C830032E900 /* ApiFramework.framework */ = {isa = PBXFileReference; explicitFileType = wrapper.framework; path = ApiFramework.framework; sourceTree = BUILT_PRODUCTS_DIR; };
		1951BC752C3E6FBD007F696E /* UniversalFrameworkApp.app */ = {isa = PBXFileReference; explicitFileType = wrapper.application; includeInIndex = 0; path = UniversalFrameworkApp.app; sourceTree = BUILT_PRODUCTS_DIR; };
		1951BC782C3E6FBD007F696E /* AppDelegate.swift */ = {isa = PBXFileReference; lastKnownFileType = sourcecode.swift; path = AppDelegate.swift; sourceTree = "<group>"; };
		1951BC7A2C3E6FBD007F696E /* SceneDelegate.swift */ = {isa = PBXFileReference; lastKnownFileType = sourcecode.swift; path = SceneDelegate.swift; sourceTree = "<group>"; };
		1951BC7C2C3E6FBD007F696E /* ViewController.swift */ = {isa = PBXFileReference; lastKnownFileType = sourcecode.swift; path = ViewController.swift; sourceTree = "<group>"; };
		1951BC7F2C3E6FBD007F696E /* Base */ = {isa = PBXFileReference; lastKnownFileType = file.storyboard; name = Base; path = Base.lproj/Main.storyboard; sourceTree = "<group>"; };
		1951BC812C3E6FBE007F696E /* Assets.xcassets */ = {isa = PBXFileReference; lastKnownFileType = folder.assetcatalog; path = Assets.xcassets; sourceTree = "<group>"; };
		1951BC842C3E6FBE007F696E /* Base */ = {isa = PBXFileReference; lastKnownFileType = file.storyboard; name = Base; path = Base.lproj/LaunchScreen.storyboard; sourceTree = "<group>"; };
		1951BC862C3E6FBE007F696E /* Info.plist */ = {isa = PBXFileReference; lastKnownFileType = text.plist.xml; path = Info.plist; sourceTree = "<group>"; };
		1951BCA22C3E729D007F696E /* ApiFramework.framework */ = {isa = PBXFileReference; explicitFileType = wrapper.framework; path = ApiFramework.framework; sourceTree = BUILT_PRODUCTS_DIR; };
		8F1C14EAB8A20CE680966D2B /* Pods_UniversalFrameworkApp.framework */ = {isa = PBXFileReference; explicitFileType = wrapper.framework; includeInIndex = 0; path = Pods_UniversalFrameworkApp.framework; sourceTree = BUILT_PRODUCTS_DIR; };
		9021F9F0BE2BDA52866D19CF /* Pods-UniversalFrameworkApp.debug.xcconfig */ = {isa = PBXFileReference; includeInIndex = 1; lastKnownFileType = text.xcconfig; name = "Pods-UniversalFrameworkApp.debug.xcconfig"; path = "Target Support Files/Pods-UniversalFrameworkApp/Pods-UniversalFrameworkApp.debug.xcconfig"; sourceTree = "<group>"; };
		CB5EDB5776E05DA43D711D7E /* Pods-UniversalFrameworkApp.release.xcconfig */ = {isa = PBXFileReference; includeInIndex = 1; lastKnownFileType = text.xcconfig; name = "Pods-UniversalFrameworkApp.release.xcconfig"; path = "Target Support Files/Pods-UniversalFrameworkApp/Pods-UniversalFrameworkApp.release.xcconfig"; sourceTree = "<group>"; };
/* End PBXFileReference section */

/* Begin PBXFrameworksBuildPhase section */
		1951BC722C3E6FBD007F696E /* Frameworks */ = {
			isa = PBXFrameworksBuildPhase;
			buildActionMask = 2147483647;
			files = (
				191D99902C3E7C830032E900 /* ApiFramework.framework in Frameworks */,
				ED04A319E6CFA239AAF57F91 /* Pods_UniversalFrameworkApp.framework in Frameworks */,
			);
			runOnlyForDeploymentPostprocessing = 0;
		};
/* End PBXFrameworksBuildPhase section */

/* Begin PBXGroup section */
		1951BC6C2C3E6FBD007F696E = {
			isa = PBXGroup;
			children = (
				1951BC772C3E6FBD007F696E /* UniversalFrameworkApp */,
				1951BC762C3E6FBD007F696E /* Products */,
				B9524CA34D45FADD641E60F1 /* Pods */,
				320BA1BF2F5E1A9838C3F24F /* Frameworks */,
			);
			sourceTree = "<group>";
		};
		1951BC762C3E6FBD007F696E /* Products */ = {
			isa = PBXGroup;
			children = (
				1951BC752C3E6FBD007F696E /* UniversalFrameworkApp.app */,
			);
			name = Products;
			sourceTree = "<group>";
		};
		1951BC772C3E6FBD007F696E /* UniversalFrameworkApp */ = {
			isa = PBXGroup;
			children = (
				1951BC782C3E6FBD007F696E /* AppDelegate.swift */,
				1951BC7A2C3E6FBD007F696E /* SceneDelegate.swift */,
				1951BC7C2C3E6FBD007F696E /* ViewController.swift */,
				1951BC7E2C3E6FBD007F696E /* Main.storyboard */,
				1951BC812C3E6FBE007F696E /* Assets.xcassets */,
				1951BC832C3E6FBE007F696E /* LaunchScreen.storyboard */,
				1951BC862C3E6FBE007F696E /* Info.plist */,
			);
			path = UniversalFrameworkApp;
			sourceTree = "<group>";
		};
		320BA1BF2F5E1A9838C3F24F /* Frameworks */ = {
			isa = PBXGroup;
			children = (
				191D998F2C3E7C830032E900 /* ApiFramework.framework */,
				1951BCA22C3E729D007F696E /* ApiFramework.framework */,
				8F1C14EAB8A20CE680966D2B /* Pods_UniversalFrameworkApp.framework */,
			);
			name = Frameworks;
			sourceTree = "<group>";
		};
		B9524CA34D45FADD641E60F1 /* Pods */ = {
			isa = PBXGroup;
			children = (
				9021F9F0BE2BDA52866D19CF /* Pods-UniversalFrameworkApp.debug.xcconfig */,
				CB5EDB5776E05DA43D711D7E /* Pods-UniversalFrameworkApp.release.xcconfig */,
			);
			name = Pods;
			path = ../Pods;
			sourceTree = "<group>";
		};
/* End PBXGroup section */

/* Begin PBXNativeTarget section */
		1951BC742C3E6FBD007F696E /* UniversalFrameworkApp */ = {
			isa = PBXNativeTarget;
			buildConfigurationList = 1951BC892C3E6FBE007F696E /* Build configuration list for PBXNativeTarget "UniversalFrameworkApp" */;
			buildPhases = (
				A592B021280BC9B1B086723C /* [CP] Check Pods Manifest.lock */,
				1951BC712C3E6FBD007F696E /* Sources */,
				1951BC722C3E6FBD007F696E /* Frameworks */,
				1951BC732C3E6FBD007F696E /* Resources */,
				191D99922C3E7C830032E900 /* Embed Frameworks */,
				41F9913B51AD619CA1F70D6F /* [CP] Embed Pods Frameworks */,
			);
			buildRules = (
			);
			dependencies = (
			);
			name = UniversalFrameworkApp;
			productName = UniversalFrameworkApp;
			productReference = 1951BC752C3E6FBD007F696E /* UniversalFrameworkApp.app */;
			productType = "com.apple.product-type.application";
		};
/* End PBXNativeTarget section */

/* Begin PBXProject section */
		1951BC6D2C3E6FBD007F696E /* Project object */ = {
			isa = PBXProject;
			attributes = {
				BuildIndependentTargetsInParallel = 1;
				LastSwiftUpdateCheck = 1510;
				LastUpgradeCheck = 1510;
				TargetAttributes = {
					1951BC742C3E6FBD007F696E = {
						CreatedOnToolsVersion = 15.1;
					};
				};
			};
			buildConfigurationList = 1951BC702C3E6FBD007F696E /* Build configuration list for PBXProject "UniversalFrameworkApp" */;
			compatibilityVersion = "Xcode 14.0";
			developmentRegion = en;
			hasScannedForEncodings = 0;
			knownRegions = (
				en,
				Base,
			);
			mainGroup = 1951BC6C2C3E6FBD007F696E;
			productRefGroup = 1951BC762C3E6FBD007F696E /* Products */;
			projectDirPath = "";
			projectRoot = "";
			targets = (
				1951BC742C3E6FBD007F696E /* UniversalFrameworkApp */,
			);
		};
/* End PBXProject section */

/* Begin PBXResourcesBuildPhase section */
		1951BC732C3E6FBD007F696E /* Resources */ = {
			isa = PBXResourcesBuildPhase;
			buildActionMask = 2147483647;
			files = (
				1951BC852C3E6FBE007F696E /* LaunchScreen.storyboard in Resources */,
				1951BC822C3E6FBE007F696E /* Assets.xcassets in Resources */,
				1951BC802C3E6FBD007F696E /* Main.storyboard in Resources */,
			);
			runOnlyForDeploymentPostprocessing = 0;
		};
/* End PBXResourcesBuildPhase section */

/* Begin PBXShellScriptBuildPhase section */
		41F9913B51AD619CA1F70D6F /* [CP] Embed Pods Frameworks */ = {
			isa = PBXShellScriptBuildPhase;
			buildActionMask = 2147483647;
			files = (
			);
			inputFileListPaths = (
				"${PODS_ROOT}/Target Support Files/Pods-UniversalFrameworkApp/Pods-UniversalFrameworkApp-frameworks-${CONFIGURATION}-input-files.xcfilelist",
			);
			name = "[CP] Embed Pods Frameworks";
			outputFileListPaths = (
				"${PODS_ROOT}/Target Support Files/Pods-UniversalFrameworkApp/Pods-UniversalFrameworkApp-frameworks-${CONFIGURATION}-output-files.xcfilelist",
			);
			runOnlyForDeploymentPostprocessing = 0;
			shellPath = /bin/sh;
			shellScript = "\"${PODS_ROOT}/Target Support Files/Pods-UniversalFrameworkApp/Pods-UniversalFrameworkApp-frameworks.sh\"\n";
			showEnvVarsInLog = 0;
		};
		A592B021280BC9B1B086723C /* [CP] Check Pods Manifest.lock */ = {
			isa = PBXShellScriptBuildPhase;
			buildActionMask = 2147483647;
			files = (
			);
			inputFileListPaths = (
			);
			inputPaths = (
				"${PODS_PODFILE_DIR_PATH}/Podfile.lock",
				"${PODS_ROOT}/Manifest.lock",
			);
			name = "[CP] Check Pods Manifest.lock";
			outputFileListPaths = (
			);
			outputPaths = (
				"$(DERIVED_FILE_DIR)/Pods-UniversalFrameworkApp-checkManifestLockResult.txt",
			);
			runOnlyForDeploymentPostprocessing = 0;
			shellPath = /bin/sh;
			shellScript = "diff \"${PODS_PODFILE_DIR_PATH}/Podfile.lock\" \"${PODS_ROOT}/Manifest.lock\" > /dev/null\nif [ $? != 0 ] ; then\n    # print error to STDERR\n    echo \"error: The sandbox is not in sync with the Podfile.lock. Run 'pod install' or update your CocoaPods installation.\" >&2\n    exit 1\nfi\n# This output is used by Xcode 'outputs' to avoid re-running this script phase.\necho \"SUCCESS\" > \"${SCRIPT_OUTPUT_FILE_0}\"\n";
			showEnvVarsInLog = 0;
		};
/* End PBXShellScriptBuildPhase section */

/* Begin PBXSourcesBuildPhase section */
		1951BC712C3E6FBD007F696E /* Sources */ = {
			isa = PBXSourcesBuildPhase;
			buildActionMask = 2147483647;
			files = (
				1951BC7D2C3E6FBD007F696E /* ViewController.swift in Sources */,
				1951BC792C3E6FBD007F696E /* AppDelegate.swift in Sources */,
				1951BC7B2C3E6FBD007F696E /* SceneDelegate.swift in Sources */,
			);
			runOnlyForDeploymentPostprocessing = 0;
		};
/* End PBXSourcesBuildPhase section */

/* Begin PBXVariantGroup section */
		1951BC7E2C3E6FBD007F696E /* Main.storyboard */ = {
			isa = PBXVariantGroup;
			children = (
				1951BC7F2C3E6FBD007F696E /* Base */,
			);
			name = Main.storyboard;
			sourceTree = "<group>";
		};
		1951BC832C3E6FBE007F696E /* LaunchScreen.storyboard */ = {
			isa = PBXVariantGroup;
			children = (
				1951BC842C3E6FBE007F696E /* Base */,
			);
			name = LaunchScreen.storyboard;
			sourceTree = "<group>";
		};
/* End PBXVariantGroup section */

/* Begin XCBuildConfiguration section */
		1951BC872C3E6FBE007F696E /* Debug */ = {
			isa = XCBuildConfiguration;
			buildSettings = {
				ALWAYS_SEARCH_USER_PATHS = NO;
				ASSETCATALOG_COMPILER_GENERATE_SWIFT_ASSET_SYMBOL_EXTENSIONS = YES;
				CLANG_ANALYZER_NONNULL = YES;
				CLANG_ANALYZER_NUMBER_OBJECT_CONVERSION = YES_AGGRESSIVE;
				CLANG_CXX_LANGUAGE_STANDARD = "gnu++20";
				CLANG_ENABLE_MODULES = YES;
				CLANG_ENABLE_OBJC_ARC = YES;
				CLANG_ENABLE_OBJC_WEAK = YES;
				CLANG_WARN_BLOCK_CAPTURE_AUTORELEASING = YES;
				CLANG_WARN_BOOL_CONVERSION = YES;
				CLANG_WARN_COMMA = YES;
				CLANG_WARN_CONSTANT_CONVERSION = YES;
				CLANG_WARN_DEPRECATED_OBJC_IMPLEMENTATIONS = YES;
				CLANG_WARN_DIRECT_OBJC_ISA_USAGE = YES_ERROR;
				CLANG_WARN_DOCUMENTATION_COMMENTS = YES;
				CLANG_WARN_EMPTY_BODY = YES;
				CLANG_WARN_ENUM_CONVERSION = YES;
				CLANG_WARN_INFINITE_RECURSION = YES;
				CLANG_WARN_INT_CONVERSION = YES;
				CLANG_WARN_NON_LITERAL_NULL_CONVERSION = YES;
				CLANG_WARN_OBJC_IMPLICIT_RETAIN_SELF = YES;
				CLANG_WARN_OBJC_LITERAL_CONVERSION = YES;
				CLANG_WARN_OBJC_ROOT_CLASS = YES_ERROR;
				CLANG_WARN_QUOTED_INCLUDE_IN_FRAMEWORK_HEADER = YES;
				CLANG_WARN_RANGE_LOOP_ANALYSIS = YES;
				CLANG_WARN_STRICT_PROTOTYPES = YES;
				CLANG_WARN_SUSPICIOUS_MOVE = YES;
				CLANG_WARN_UNGUARDED_AVAILABILITY = YES_AGGRESSIVE;
				CLANG_WARN_UNREACHABLE_CODE = YES;
				CLANG_WARN__DUPLICATE_METHOD_MATCH = YES;
				COPY_PHASE_STRIP = NO;
				DEBUG_INFORMATION_FORMAT = dwarf;
				ENABLE_STRICT_OBJC_MSGSEND = YES;
				ENABLE_TESTABILITY = YES;
				ENABLE_USER_SCRIPT_SANDBOXING = YES;
				GCC_C_LANGUAGE_STANDARD = gnu17;
				GCC_DYNAMIC_NO_PIC = NO;
				GCC_NO_COMMON_BLOCKS = YES;
				GCC_OPTIMIZATION_LEVEL = 0;
				GCC_PREPROCESSOR_DEFINITIONS = (
					"DEBUG=1",
					"$(inherited)",
				);
				GCC_WARN_64_TO_32_BIT_CONVERSION = YES;
				GCC_WARN_ABOUT_RETURN_TYPE = YES_ERROR;
				GCC_WARN_UNDECLARED_SELECTOR = YES;
				GCC_WARN_UNINITIALIZED_AUTOS = YES_AGGRESSIVE;
				GCC_WARN_UNUSED_FUNCTION = YES;
				GCC_WARN_UNUSED_VARIABLE = YES;
				IPHONEOS_DEPLOYMENT_TARGET = 17.2;
				LOCALIZATION_PREFERS_STRING_CATALOGS = YES;
				MTL_ENABLE_DEBUG_INFO = INCLUDE_SOURCE;
				MTL_FAST_MATH = YES;
				ONLY_ACTIVE_ARCH = YES;
				SDKROOT = iphoneos;
				SWIFT_ACTIVE_COMPILATION_CONDITIONS = "DEBUG $(inherited)";
				SWIFT_OPTIMIZATION_LEVEL = "-Onone";
			};
			name = Debug;
		};
		1951BC882C3E6FBE007F696E /* Release */ = {
			isa = XCBuildConfiguration;
			buildSettings = {
				ALWAYS_SEARCH_USER_PATHS = NO;
				ASSETCATALOG_COMPILER_GENERATE_SWIFT_ASSET_SYMBOL_EXTENSIONS = YES;
				CLANG_ANALYZER_NONNULL = YES;
				CLANG_ANALYZER_NUMBER_OBJECT_CONVERSION = YES_AGGRESSIVE;
				CLANG_CXX_LANGUAGE_STANDARD = "gnu++20";
				CLANG_ENABLE_MODULES = YES;
				CLANG_ENABLE_OBJC_ARC = YES;
				CLANG_ENABLE_OBJC_WEAK = YES;
				CLANG_WARN_BLOCK_CAPTURE_AUTORELEASING = YES;
				CLANG_WARN_BOOL_CONVERSION = YES;
				CLANG_WARN_COMMA = YES;
				CLANG_WARN_CONSTANT_CONVERSION = YES;
				CLANG_WARN_DEPRECATED_OBJC_IMPLEMENTATIONS = YES;
				CLANG_WARN_DIRECT_OBJC_ISA_USAGE = YES_ERROR;
				CLANG_WARN_DOCUMENTATION_COMMENTS = YES;
				CLANG_WARN_EMPTY_BODY = YES;
				CLANG_WARN_ENUM_CONVERSION = YES;
				CLANG_WARN_INFINITE_RECURSION = YES;
				CLANG_WARN_INT_CONVERSION = YES;
				CLANG_WARN_NON_LITERAL_NULL_CONVERSION = YES;
				CLANG_WARN_OBJC_IMPLICIT_RETAIN_SELF = YES;
				CLANG_WARN_OBJC_LITERAL_CONVERSION = YES;
				CLANG_WARN_OBJC_ROOT_CLASS = YES_ERROR;
				CLANG_WARN_QUOTED_INCLUDE_IN_FRAMEWORK_HEADER = YES;
				CLANG_WARN_RANGE_LOOP_ANALYSIS = YES;
				CLANG_WARN_STRICT_PROTOTYPES = YES;
				CLANG_WARN_SUSPICIOUS_MOVE = YES;
				CLANG_WARN_UNGUARDED_AVAILABILITY = YES_AGGRESSIVE;
				CLANG_WARN_UNREACHABLE_CODE = YES;
				CLANG_WARN__DUPLICATE_METHOD_MATCH = YES;
				COPY_PHASE_STRIP = NO;
				DEBUG_INFORMATION_FORMAT = "dwarf-with-dsym";
				ENABLE_NS_ASSERTIONS = NO;
				ENABLE_STRICT_OBJC_MSGSEND = YES;
				ENABLE_USER_SCRIPT_SANDBOXING = YES;
				GCC_C_LANGUAGE_STANDARD = gnu17;
				GCC_NO_COMMON_BLOCKS = YES;
				GCC_WARN_64_TO_32_BIT_CONVERSION = YES;
				GCC_WARN_ABOUT_RETURN_TYPE = YES_ERROR;
				GCC_WARN_UNDECLARED_SELECTOR = YES;
				GCC_WARN_UNINITIALIZED_AUTOS = YES_AGGRESSIVE;
				GCC_WARN_UNUSED_FUNCTION = YES;
				GCC_WARN_UNUSED_VARIABLE = YES;
				IPHONEOS_DEPLOYMENT_TARGET = 17.2;
				LOCALIZATION_PREFERS_STRING_CATALOGS = YES;
				MTL_ENABLE_DEBUG_INFO = NO;
				MTL_FAST_MATH = YES;
				SDKROOT = iphoneos;
				SWIFT_COMPILATION_MODE = wholemodule;
				VALIDATE_PRODUCT = YES;
			};
			name = Release;
		};
		1951BC8A2C3E6FBE007F696E /* Debug */ = {
			isa = XCBuildConfiguration;
			baseConfigurationReference = 9021F9F0BE2BDA52866D19CF /* Pods-UniversalFrameworkApp.debug.xcconfig */;
			buildSettings = {
				ASSETCATALOG_COMPILER_APPICON_NAME = AppIcon;
				ASSETCATALOG_COMPILER_GLOBAL_ACCENT_COLOR_NAME = AccentColor;
				CODE_SIGN_STYLE = Automatic;
				CURRENT_PROJECT_VERSION = 1;
				DEVELOPMENT_TEAM = VY9YE9X6LW;
				ENABLE_USER_SCRIPT_SANDBOXING = NO;
				GENERATE_INFOPLIST_FILE = YES;
				INFOPLIST_FILE = UniversalFrameworkApp/Info.plist;
				INFOPLIST_KEY_UIApplicationSupportsIndirectInputEvents = YES;
				INFOPLIST_KEY_UILaunchStoryboardName = LaunchScreen;
				INFOPLIST_KEY_UIMainStoryboardFile = Main;
				INFOPLIST_KEY_UISupportedInterfaceOrientations_iPad = "UIInterfaceOrientationPortrait UIInterfaceOrientationPortraitUpsideDown UIInterfaceOrientationLandscapeLeft UIInterfaceOrientationLandscapeRight";
				INFOPLIST_KEY_UISupportedInterfaceOrientations_iPhone = "UIInterfaceOrientationPortrait UIInterfaceOrientationLandscapeLeft UIInterfaceOrientationLandscapeRight";
				IPHONEOS_DEPLOYMENT_TARGET = 13.0;
				LD_RUNPATH_SEARCH_PATHS = (
					"$(inherited)",
					"@executable_path/Frameworks",
				);
				MARKETING_VERSION = 1.0;
				PRODUCT_BUNDLE_IDENTIFIER = com.nextsense.UniversalFrameworkApp;
				PRODUCT_NAME = "$(TARGET_NAME)";
				SWIFT_EMIT_LOC_STRINGS = YES;
				SWIFT_VERSION = 5.0;
				TARGETED_DEVICE_FAMILY = "1,2";
			};
			name = Debug;
		};
		1951BC8B2C3E6FBE007F696E /* Release */ = {
			isa = XCBuildConfiguration;
			baseConfigurationReference = CB5EDB5776E05DA43D711D7E /* Pods-UniversalFrameworkApp.release.xcconfig */;
			buildSettings = {
				ASSETCATALOG_COMPILER_APPICON_NAME = AppIcon;
				ASSETCATALOG_COMPILER_GLOBAL_ACCENT_COLOR_NAME = AccentColor;
				CODE_SIGN_STYLE = Automatic;
				CURRENT_PROJECT_VERSION = 1;
				DEVELOPMENT_TEAM = VY9YE9X6LW;
				ENABLE_USER_SCRIPT_SANDBOXING = NO;
				GENERATE_INFOPLIST_FILE = YES;
				INFOPLIST_FILE = UniversalFrameworkApp/Info.plist;
				INFOPLIST_KEY_UIApplicationSupportsIndirectInputEvents = YES;
				INFOPLIST_KEY_UILaunchStoryboardName = LaunchScreen;
				INFOPLIST_KEY_UIMainStoryboardFile = Main;
				INFOPLIST_KEY_UISupportedInterfaceOrientations_iPad = "UIInterfaceOrientationPortrait UIInterfaceOrientationPortraitUpsideDown UIInterfaceOrientationLandscapeLeft UIInterfaceOrientationLandscapeRight";
				INFOPLIST_KEY_UISupportedInterfaceOrientations_iPhone = "UIInterfaceOrientationPortrait UIInterfaceOrientationLandscapeLeft UIInterfaceOrientationLandscapeRight";
				IPHONEOS_DEPLOYMENT_TARGET = 13.0;
				LD_RUNPATH_SEARCH_PATHS = (
					"$(inherited)",
					"@executable_path/Frameworks",
				);
				MARKETING_VERSION = 1.0;
				PRODUCT_BUNDLE_IDENTIFIER = com.nextsense.UniversalFrameworkApp;
				PRODUCT_NAME = "$(TARGET_NAME)";
				SWIFT_EMIT_LOC_STRINGS = YES;
				SWIFT_VERSION = 5.0;
				TARGETED_DEVICE_FAMILY = "1,2";
			};
			name = Release;
		};
/* End XCBuildConfiguration section */

/* Begin XCConfigurationList section */
		1951BC702C3E6FBD007F696E /* Build configuration list for PBXProject "UniversalFrameworkApp" */ = {
			isa = XCConfigurationList;
			buildConfigurations = (
				1951BC872C3E6FBE007F696E /* Debug */,
				1951BC882C3E6FBE007F696E /* Release */,
			);
			defaultConfigurationIsVisible = 0;
			defaultConfigurationName = Release;
		};
		1951BC892C3E6FBE007F696E /* Build configuration list for PBXNativeTarget "UniversalFrameworkApp" */ = {
			isa = XCConfigurationList;
			buildConfigurations = (
				1951BC8A2C3E6FBE007F696E /* Debug */,
				1951BC8B2C3E6FBE007F696E /* Release */,
			);
			defaultConfigurationIsVisible = 0;
			defaultConfigurationName = Release;
		};
/* End XCConfigurationList section */
	};
	rootObject = 1951BC6D2C3E6FBD007F696E /* Project object */;
}
